// !$*UTF8*$!
{
	archiveVersion = 1;
	classes = {
	};
	objectVersion = 50;
	objects = {

/* Begin PBXBuildFile section */
		BD4163072654F5290026E72F /* Date+Ext.swift in Sources */ = {isa = PBXBuildFile; fileRef = BD4163062654F5290026E72F /* Date+Ext.swift */; };
		BD6B316D264226E800126C0B /* AddNewSiteViewController.swift in Sources */ = {isa = PBXBuildFile; fileRef = BD6B316C264226E800126C0B /* AddNewSiteViewController.swift */; };
		BD6B31832642A3CA00126C0B /* SetupBarnsViewController.swift in Sources */ = {isa = PBXBuildFile; fileRef = BD6B31822642A3CA00126C0B /* SetupBarnsViewController.swift */; };
		BD6B31882642A47700126C0B /* SetupBarnsTableViewCell.swift in Sources */ = {isa = PBXBuildFile; fileRef = BD6B31872642A47600126C0B /* SetupBarnsTableViewCell.swift */; };
		BD6B318E264389D600126C0B /* NavViewController.swift in Sources */ = {isa = PBXBuildFile; fileRef = BD6B318D264389D500126C0B /* NavViewController.swift */; };
		BD6B31C72645268C00126C0B /* MainSiteTbViewCell.swift in Sources */ = {isa = PBXBuildFile; fileRef = BD6B31C62645268C00126C0B /* MainSiteTbViewCell.swift */; };
		BD6C9B6F263920C000F5AAC1 /* DetailViewController.swift in Sources */ = {isa = PBXBuildFile; fileRef = BD6C9B6E263920C000F5AAC1 /* DetailViewController.swift */; };
		BD6C9B7F2639506400F5AAC1 /* DetailTableViewCell.swift in Sources */ = {isa = PBXBuildFile; fileRef = BD6C9B7E2639506400F5AAC1 /* DetailTableViewCell.swift */; };
		BD6E4CEA26353BF3000239CC /* GradientView.swift in Sources */ = {isa = PBXBuildFile; fileRef = BD6E4CE926353BF3000239CC /* GradientView.swift */; };
		BD6F713C2637F81700D4BF63 /* MainSiteViewController.swift in Sources */ = {isa = PBXBuildFile; fileRef = BD6F713B2637F81600D4BF63 /* MainSiteViewController.swift */; };
		BD6F7146263800B400D4BF63 /* UINavigationViewController+Ext.swift in Sources */ = {isa = PBXBuildFile; fileRef = BD6F7145263800B400D4BF63 /* UINavigationViewController+Ext.swift */; };
		BD7657AF26369AC5003931FE /* UIViewController+Ext.swift in Sources */ = {isa = PBXBuildFile; fileRef = BD7657AE26369AC5003931FE /* UIViewController+Ext.swift */; };
		BD7657B226369C37003931FE /* String+Ext.swift in Sources */ = {isa = PBXBuildFile; fileRef = BD7657B126369C37003931FE /* String+Ext.swift */; };
		BD7657B82636A50E003931FE /* String+Ext+pass.swift in Sources */ = {isa = PBXBuildFile; fileRef = BD7657B72636A50E003931FE /* String+Ext+pass.swift */; };
		BD7657BD2636BC7A003931FE /* MainSitesNavController.swift in Sources */ = {isa = PBXBuildFile; fileRef = BD7657BC2636BC7A003931FE /* MainSitesNavController.swift */; };
		BD768ECC26351F8B0022306F /* AppDelegate.swift in Sources */ = {isa = PBXBuildFile; fileRef = BD768ECB26351F8B0022306F /* AppDelegate.swift */; };
		BD768ECE26351F8B0022306F /* SceneDelegate.swift in Sources */ = {isa = PBXBuildFile; fileRef = BD768ECD26351F8B0022306F /* SceneDelegate.swift */; };
		BD768ED026351F8B0022306F /* ViewController.swift in Sources */ = {isa = PBXBuildFile; fileRef = BD768ECF26351F8B0022306F /* ViewController.swift */; };
		BD768ED326351F8B0022306F /* Main.storyboard in Resources */ = {isa = PBXBuildFile; fileRef = BD768ED126351F8B0022306F /* Main.storyboard */; };
		BD768ED526351F8F0022306F /* Assets.xcassets in Resources */ = {isa = PBXBuildFile; fileRef = BD768ED426351F8F0022306F /* Assets.xcassets */; };
		BD768ED826351F8F0022306F /* LaunchScreen.storyboard in Resources */ = {isa = PBXBuildFile; fileRef = BD768ED626351F8F0022306F /* LaunchScreen.storyboard */; };
		BD7B5C25263A6A190046C851 /* DrawerViewController.swift in Sources */ = {isa = PBXBuildFile; fileRef = BD7B5C24263A6A190046C851 /* DrawerViewController.swift */; };
		BD7B5C28263A6C410046C851 /* MenuViewController.swift in Sources */ = {isa = PBXBuildFile; fileRef = BD7B5C27263A6C410046C851 /* MenuViewController.swift */; };
/* End PBXBuildFile section */

/* Begin PBXFileReference section */
		BD4163062654F5290026E72F /* Date+Ext.swift */ = {isa = PBXFileReference; lastKnownFileType = sourcecode.swift; path = "Date+Ext.swift"; sourceTree = "<group>"; };
		BD6B316C264226E800126C0B /* AddNewSiteViewController.swift */ = {isa = PBXFileReference; lastKnownFileType = sourcecode.swift; path = AddNewSiteViewController.swift; sourceTree = "<group>"; };
		BD6B31822642A3CA00126C0B /* SetupBarnsViewController.swift */ = {isa = PBXFileReference; lastKnownFileType = sourcecode.swift; path = SetupBarnsViewController.swift; sourceTree = "<group>"; };
		BD6B31872642A47600126C0B /* SetupBarnsTableViewCell.swift */ = {isa = PBXFileReference; lastKnownFileType = sourcecode.swift; path = SetupBarnsTableViewCell.swift; sourceTree = "<group>"; };
		BD6B318D264389D500126C0B /* NavViewController.swift */ = {isa = PBXFileReference; lastKnownFileType = sourcecode.swift; path = NavViewController.swift; sourceTree = "<group>"; };
		BD6B31C62645268C00126C0B /* MainSiteTbViewCell.swift */ = {isa = PBXFileReference; lastKnownFileType = sourcecode.swift; path = MainSiteTbViewCell.swift; sourceTree = "<group>"; };
		BD6C9B6E263920C000F5AAC1 /* DetailViewController.swift */ = {isa = PBXFileReference; lastKnownFileType = sourcecode.swift; path = DetailViewController.swift; sourceTree = "<group>"; };
		BD6C9B7E2639506400F5AAC1 /* DetailTableViewCell.swift */ = {isa = PBXFileReference; lastKnownFileType = sourcecode.swift; path = DetailTableViewCell.swift; sourceTree = "<group>"; };
		BD6E4CE926353BF3000239CC /* GradientView.swift */ = {isa = PBXFileReference; fileEncoding = 4; lastKnownFileType = sourcecode.swift; path = GradientView.swift; sourceTree = "<group>"; };
		BD6E4CEF263563D1000239CC /* Base */ = {isa = PBXFileReference; lastKnownFileType = file.storyboard; name = Base; path = Base.lproj/Main.storyboard; sourceTree = "<group>"; };
		BD6F713B2637F81600D4BF63 /* MainSiteViewController.swift */ = {isa = PBXFileReference; lastKnownFileType = sourcecode.swift; path = MainSiteViewController.swift; sourceTree = "<group>"; };
		BD6F7145263800B400D4BF63 /* UINavigationViewController+Ext.swift */ = {isa = PBXFileReference; lastKnownFileType = sourcecode.swift; path = "UINavigationViewController+Ext.swift"; sourceTree = "<group>"; };
		BD7657AE26369AC5003931FE /* UIViewController+Ext.swift */ = {isa = PBXFileReference; lastKnownFileType = sourcecode.swift; path = "UIViewController+Ext.swift"; sourceTree = "<group>"; };
		BD7657B126369C37003931FE /* String+Ext.swift */ = {isa = PBXFileReference; lastKnownFileType = sourcecode.swift; path = "String+Ext.swift"; sourceTree = "<group>"; };
		BD7657B72636A50E003931FE /* String+Ext+pass.swift */ = {isa = PBXFileReference; lastKnownFileType = sourcecode.swift; path = "String+Ext+pass.swift"; sourceTree = "<group>"; };
		BD7657BC2636BC7A003931FE /* MainSitesNavController.swift */ = {isa = PBXFileReference; lastKnownFileType = sourcecode.swift; path = MainSitesNavController.swift; sourceTree = "<group>"; };
		BD768EC826351F8B0022306F /* new sentinal.app */ = {isa = PBXFileReference; explicitFileType = wrapper.application; includeInIndex = 0; path = "new sentinal.app"; sourceTree = BUILT_PRODUCTS_DIR; };
		BD768ECB26351F8B0022306F /* AppDelegate.swift */ = {isa = PBXFileReference; lastKnownFileType = sourcecode.swift; path = AppDelegate.swift; sourceTree = "<group>"; };
		BD768ECD26351F8B0022306F /* SceneDelegate.swift */ = {isa = PBXFileReference; lastKnownFileType = sourcecode.swift; path = SceneDelegate.swift; sourceTree = "<group>"; };
		BD768ECF26351F8B0022306F /* ViewController.swift */ = {isa = PBXFileReference; lastKnownFileType = sourcecode.swift; path = ViewController.swift; sourceTree = "<group>"; };
		BD768ED426351F8F0022306F /* Assets.xcassets */ = {isa = PBXFileReference; lastKnownFileType = folder.assetcatalog; path = Assets.xcassets; sourceTree = "<group>"; };
		BD768ED726351F8F0022306F /* Base */ = {isa = PBXFileReference; lastKnownFileType = file.storyboard; name = Base; path = Base.lproj/LaunchScreen.storyboard; sourceTree = "<group>"; };
		BD768ED926351F8F0022306F /* Info.plist */ = {isa = PBXFileReference; lastKnownFileType = text.plist.xml; path = Info.plist; sourceTree = "<group>"; };
		BD7B5C24263A6A190046C851 /* DrawerViewController.swift */ = {isa = PBXFileReference; lastKnownFileType = sourcecode.swift; path = DrawerViewController.swift; sourceTree = "<group>"; };
		BD7B5C27263A6C410046C851 /* MenuViewController.swift */ = {isa = PBXFileReference; lastKnownFileType = sourcecode.swift; path = MenuViewController.swift; sourceTree = "<group>"; };
/* End PBXFileReference section */

/* Begin PBXFrameworksBuildPhase section */
		BD768EC526351F8A0022306F /* Frameworks */ = {
			isa = PBXFrameworksBuildPhase;
			buildActionMask = 2147483647;
			files = (
			);
			runOnlyForDeploymentPostprocessing = 0;
		};
/* End PBXFrameworksBuildPhase section */

/* Begin PBXGroup section */
		BD6B31812642A3A400126C0B /* SetupBarns */ = {
			isa = PBXGroup;
			children = (
				BD6B31822642A3CA00126C0B /* SetupBarnsViewController.swift */,
				BD6B31872642A47600126C0B /* SetupBarnsTableViewCell.swift */,
			);
			path = SetupBarns;
			sourceTree = "<group>";
		};
		BD6B31862642A40700126C0B /* AddNewSite */ = {
			isa = PBXGroup;
			children = (
				BD6B316C264226E800126C0B /* AddNewSiteViewController.swift */,
			);
			path = AddNewSite;
			sourceTree = "<group>";
		};
		BD6B318C2643898F00126C0B /* ViewController */ = {
			isa = PBXGroup;
			children = (
				BD768ECF26351F8B0022306F /* ViewController.swift */,
				BD6B318D264389D500126C0B /* NavViewController.swift */,
			);
			path = ViewController;
			sourceTree = "<group>";
		};
		BD6B31BE2645208600126C0B /* DetailViewController */ = {
			isa = PBXGroup;
			children = (
				BD6C9B6E263920C000F5AAC1 /* DetailViewController.swift */,
				BD6C9B7E2639506400F5AAC1 /* DetailTableViewCell.swift */,
			);
			path = DetailViewController;
			sourceTree = "<group>";
		};
		BD6F71292637A69C00D4BF63 /* UIViewController */ = {
			isa = PBXGroup;
			children = (
				BD6B31BE2645208600126C0B /* DetailViewController */,
				BD6B318C2643898F00126C0B /* ViewController */,
				BD6B31862642A40700126C0B /* AddNewSite */,
				BD6B31812642A3A400126C0B /* SetupBarns */,
				BD7B5C22263A69F20046C851 /* Drawer */,
				BD6F712A2637A6C000D4BF63 /* MainSiteViewController */,
			);
			path = UIViewController;
			sourceTree = "<group>";
		};
		BD6F712A2637A6C000D4BF63 /* MainSiteViewController */ = {
			isa = PBXGroup;
			children = (
				BD7657BC2636BC7A003931FE /* MainSitesNavController.swift */,
				BD6F713B2637F81600D4BF63 /* MainSiteViewController.swift */,
				BD6B31C62645268C00126C0B /* MainSiteTbViewCell.swift */,
			);
			path = MainSiteViewController;
			sourceTree = "<group>";
		};
		BD7657AD26369AA6003931FE /* extensions */ = {
			isa = PBXGroup;
			children = (
				BD7657AE26369AC5003931FE /* UIViewController+Ext.swift */,
				BD7657B126369C37003931FE /* String+Ext.swift */,
				BD7657B72636A50E003931FE /* String+Ext+pass.swift */,
				BD6F7145263800B400D4BF63 /* UINavigationViewController+Ext.swift */,
				BD4163062654F5290026E72F /* Date+Ext.swift */,
			);
			path = extensions;
			sourceTree = "<group>";
		};
		BD768EBF26351F8A0022306F = {
			isa = PBXGroup;
			children = (
				BD768ECA26351F8B0022306F /* new sentinal */,
				BD768EC926351F8B0022306F /* Products */,
			);
			sourceTree = "<group>";
		};
		BD768EC926351F8B0022306F /* Products */ = {
			isa = PBXGroup;
			children = (
				BD768EC826351F8B0022306F /* new sentinal.app */,
			);
			name = Products;
			sourceTree = "<group>";
		};
		BD768ECA26351F8B0022306F /* new sentinal */ = {
			isa = PBXGroup;
			children = (
				BD6F71292637A69C00D4BF63 /* UIViewController */,
				BD7657AD26369AA6003931FE /* extensions */,
				BD6E4CE926353BF3000239CC /* GradientView.swift */,
				BD768ECB26351F8B0022306F /* AppDelegate.swift */,
				BD768ECD26351F8B0022306F /* SceneDelegate.swift */,
				BD768ED126351F8B0022306F /* Main.storyboard */,
				BD768ED426351F8F0022306F /* Assets.xcassets */,
				BD768ED626351F8F0022306F /* LaunchScreen.storyboard */,
				BD768ED926351F8F0022306F /* Info.plist */,
			);
			path = "new sentinal";
			sourceTree = "<group>";
		};
		BD7B5C22263A69F20046C851 /* Drawer */ = {
			isa = PBXGroup;
			children = (
				BD7B5C24263A6A190046C851 /* DrawerViewController.swift */,
				BD7B5C27263A6C410046C851 /* MenuViewController.swift */,
			);
			path = Drawer;
			sourceTree = "<group>";
		};
/* End PBXGroup section */

/* Begin PBXNativeTarget section */
		BD768EC726351F8A0022306F /* new sentinal */ = {
			isa = PBXNativeTarget;
			buildConfigurationList = BD768EDC26351F8F0022306F /* Build configuration list for PBXNativeTarget "new sentinal" */;
			buildPhases = (
				BD768EC426351F8A0022306F /* Sources */,
				BD768EC526351F8A0022306F /* Frameworks */,
				BD768EC626351F8A0022306F /* Resources */,
			);
			buildRules = (
			);
			dependencies = (
			);
			name = "new sentinal";
			productName = "new sentinal";
			productReference = BD768EC826351F8B0022306F /* new sentinal.app */;
			productType = "com.apple.product-type.application";
		};
/* End PBXNativeTarget section */

/* Begin PBXProject section */
		BD768EC026351F8A0022306F /* Project object */ = {
			isa = PBXProject;
			attributes = {
				LastSwiftUpdateCheck = 1240;
				LastUpgradeCheck = 1240;
				TargetAttributes = {
					BD768EC726351F8A0022306F = {
						CreatedOnToolsVersion = 12.4;
					};
				};
			};
			buildConfigurationList = BD768EC326351F8A0022306F /* Build configuration list for PBXProject "new sentinal" */;
			compatibilityVersion = "Xcode 9.3";
			developmentRegion = en;
			hasScannedForEncodings = 0;
			knownRegions = (
				en,
				Base,
			);
			mainGroup = BD768EBF26351F8A0022306F;
			productRefGroup = BD768EC926351F8B0022306F /* Products */;
			projectDirPath = "";
			projectRoot = "";
			targets = (
				BD768EC726351F8A0022306F /* new sentinal */,
			);
		};
/* End PBXProject section */

/* Begin PBXResourcesBuildPhase section */
		BD768EC626351F8A0022306F /* Resources */ = {
			isa = PBXResourcesBuildPhase;
			buildActionMask = 2147483647;
			files = (
				BD768ED826351F8F0022306F /* LaunchScreen.storyboard in Resources */,
				BD768ED526351F8F0022306F /* Assets.xcassets in Resources */,
				BD768ED326351F8B0022306F /* Main.storyboard in Resources */,
			);
			runOnlyForDeploymentPostprocessing = 0;
		};
/* End PBXResourcesBuildPhase section */

/* Begin PBXSourcesBuildPhase section */
		BD768EC426351F8A0022306F /* Sources */ = {
			isa = PBXSourcesBuildPhase;
			buildActionMask = 2147483647;
			files = (
				BD6B316D264226E800126C0B /* AddNewSiteViewController.swift in Sources */,
				BD6F7146263800B400D4BF63 /* UINavigationViewController+Ext.swift in Sources */,
				BD6C9B7F2639506400F5AAC1 /* DetailTableViewCell.swift in Sources */,
				BD7B5C25263A6A190046C851 /* DrawerViewController.swift in Sources */,
				BD6B31C72645268C00126C0B /* MainSiteTbViewCell.swift in Sources */,
				BD768ED026351F8B0022306F /* ViewController.swift in Sources */,
				BD7657B82636A50E003931FE /* String+Ext+pass.swift in Sources */,
				BD7657BD2636BC7A003931FE /* MainSitesNavController.swift in Sources */,
				BD7657AF26369AC5003931FE /* UIViewController+Ext.swift in Sources */,
				BD7B5C28263A6C410046C851 /* MenuViewController.swift in Sources */,
				BD6B31832642A3CA00126C0B /* SetupBarnsViewController.swift in Sources */,
				BD768ECC26351F8B0022306F /* AppDelegate.swift in Sources */,
				BD6E4CEA26353BF3000239CC /* GradientView.swift in Sources */,
				BD6B31882642A47700126C0B /* SetupBarnsTableViewCell.swift in Sources */,
				BD7657B226369C37003931FE /* String+Ext.swift in Sources */,
				BD6F713C2637F81700D4BF63 /* MainSiteViewController.swift in Sources */,
				BD6C9B6F263920C000F5AAC1 /* DetailViewController.swift in Sources */,
				BD768ECE26351F8B0022306F /* SceneDelegate.swift in Sources */,
				BD6B318E264389D600126C0B /* NavViewController.swift in Sources */,
				BD4163072654F5290026E72F /* Date+Ext.swift in Sources */,
			);
			runOnlyForDeploymentPostprocessing = 0;
		};
/* End PBXSourcesBuildPhase section */

/* Begin PBXVariantGroup section */
		BD768ED126351F8B0022306F /* Main.storyboard */ = {
			isa = PBXVariantGroup;
			children = (
				BD6E4CEF263563D1000239CC /* Base */,
			);
			name = Main.storyboard;
			sourceTree = "<group>";
		};
		BD768ED626351F8F0022306F /* LaunchScreen.storyboard */ = {
			isa = PBXVariantGroup;
			children = (
				BD768ED726351F8F0022306F /* Base */,
			);
			name = LaunchScreen.storyboard;
			sourceTree = "<group>";
		};
/* End PBXVariantGroup section */

/* Begin XCBuildConfiguration section */
		BD768EDA26351F8F0022306F /* Debug */ = {
			isa = XCBuildConfiguration;
			buildSettings = {
				ALWAYS_SEARCH_USER_PATHS = NO;
				CLANG_ANALYZER_NONNULL = YES;
				CLANG_ANALYZER_NUMBER_OBJECT_CONVERSION = YES_AGGRESSIVE;
				CLANG_CXX_LANGUAGE_STANDARD = "gnu++14";
				CLANG_CXX_LIBRARY = "libc++";
				CLANG_ENABLE_MODULES = YES;
				CLANG_ENABLE_OBJC_ARC = YES;
				CLANG_ENABLE_OBJC_WEAK = YES;
				CLANG_WARN_BLOCK_CAPTURE_AUTORELEASING = YES;
				CLANG_WARN_BOOL_CONVERSION = YES;
				CLANG_WARN_COMMA = YES;
				CLANG_WARN_CONSTANT_CONVERSION = YES;
				CLANG_WARN_DEPRECATED_OBJC_IMPLEMENTATIONS = YES;
				CLANG_WARN_DIRECT_OBJC_ISA_USAGE = YES_ERROR;
				CLANG_WARN_DOCUMENTATION_COMMENTS = YES;
				CLANG_WARN_EMPTY_BODY = YES;
				CLANG_WARN_ENUM_CONVERSION = YES;
				CLANG_WARN_INFINITE_RECURSION = YES;
				CLANG_WARN_INT_CONVERSION = YES;
				CLANG_WARN_NON_LITERAL_NULL_CONVERSION = YES;
				CLANG_WARN_OBJC_IMPLICIT_RETAIN_SELF = YES;
				CLANG_WARN_OBJC_LITERAL_CONVERSION = YES;
				CLANG_WARN_OBJC_ROOT_CLASS = YES_ERROR;
				CLANG_WARN_QUOTED_INCLUDE_IN_FRAMEWORK_HEADER = YES;
				CLANG_WARN_RANGE_LOOP_ANALYSIS = YES;
				CLANG_WARN_STRICT_PROTOTYPES = YES;
				CLANG_WARN_SUSPICIOUS_MOVE = YES;
				CLANG_WARN_UNGUARDED_AVAILABILITY = YES_AGGRESSIVE;
				CLANG_WARN_UNREACHABLE_CODE = YES;
				CLANG_WARN__DUPLICATE_METHOD_MATCH = YES;
				COPY_PHASE_STRIP = NO;
				DEBUG_INFORMATION_FORMAT = dwarf;
				ENABLE_STRICT_OBJC_MSGSEND = YES;
				ENABLE_TESTABILITY = YES;
				GCC_C_LANGUAGE_STANDARD = gnu11;
				GCC_DYNAMIC_NO_PIC = NO;
				GCC_NO_COMMON_BLOCKS = YES;
				GCC_OPTIMIZATION_LEVEL = 0;
				GCC_PREPROCESSOR_DEFINITIONS = (
					"DEBUG=1",
					"$(inherited)",
				);
				GCC_WARN_64_TO_32_BIT_CONVERSION = YES;
				GCC_WARN_ABOUT_RETURN_TYPE = YES_ERROR;
				GCC_WARN_UNDECLARED_SELECTOR = YES;
				GCC_WARN_UNINITIALIZED_AUTOS = YES_AGGRESSIVE;
				GCC_WARN_UNUSED_FUNCTION = YES;
				GCC_WARN_UNUSED_VARIABLE = YES;
				IPHONEOS_DEPLOYMENT_TARGET = 14.4;
				MTL_ENABLE_DEBUG_INFO = INCLUDE_SOURCE;
				MTL_FAST_MATH = YES;
				ONLY_ACTIVE_ARCH = YES;
				SDKROOT = iphoneos;
				SWIFT_ACTIVE_COMPILATION_CONDITIONS = DEBUG;
				SWIFT_OPTIMIZATION_LEVEL = "-Onone";
			};
			name = Debug;
		};
		BD768EDB26351F8F0022306F /* Release */ = {
			isa = XCBuildConfiguration;
			buildSettings = {
				ALWAYS_SEARCH_USER_PATHS = NO;
				CLANG_ANALYZER_NONNULL = YES;
				CLANG_ANALYZER_NUMBER_OBJECT_CONVERSION = YES_AGGRESSIVE;
				CLANG_CXX_LANGUAGE_STANDARD = "gnu++14";
				CLANG_CXX_LIBRARY = "libc++";
				CLANG_ENABLE_MODULES = YES;
				CLANG_ENABLE_OBJC_ARC = YES;
				CLANG_ENABLE_OBJC_WEAK = YES;
				CLANG_WARN_BLOCK_CAPTURE_AUTORELEASING = YES;
				CLANG_WARN_BOOL_CONVERSION = YES;
				CLANG_WARN_COMMA = YES;
				CLANG_WARN_CONSTANT_CONVERSION = YES;
				CLANG_WARN_DEPRECATED_OBJC_IMPLEMENTATIONS = YES;
				CLANG_WARN_DIRECT_OBJC_ISA_USAGE = YES_ERROR;
				CLANG_WARN_DOCUMENTATION_COMMENTS = YES;
				CLANG_WARN_EMPTY_BODY = YES;
				CLANG_WARN_ENUM_CONVERSION = YES;
				CLANG_WARN_INFINITE_RECURSION = YES;
				CLANG_WARN_INT_CONVERSION = YES;
				CLANG_WARN_NON_LITERAL_NULL_CONVERSION = YES;
				CLANG_WARN_OBJC_IMPLICIT_RETAIN_SELF = YES;
				CLANG_WARN_OBJC_LITERAL_CONVERSION = YES;
				CLANG_WARN_OBJC_ROOT_CLASS = YES_ERROR;
				CLANG_WARN_QUOTED_INCLUDE_IN_FRAMEWORK_HEADER = YES;
				CLANG_WARN_RANGE_LOOP_ANALYSIS = YES;
				CLANG_WARN_STRICT_PROTOTYPES = YES;
				CLANG_WARN_SUSPICIOUS_MOVE = YES;
				CLANG_WARN_UNGUARDED_AVAILABILITY = YES_AGGRESSIVE;
				CLANG_WARN_UNREACHABLE_CODE = YES;
				CLANG_WARN__DUPLICATE_METHOD_MATCH = YES;
				COPY_PHASE_STRIP = NO;
				DEBUG_INFORMATION_FORMAT = "dwarf-with-dsym";
				ENABLE_NS_ASSERTIONS = NO;
				ENABLE_STRICT_OBJC_MSGSEND = YES;
				GCC_C_LANGUAGE_STANDARD = gnu11;
				GCC_NO_COMMON_BLOCKS = YES;
				GCC_WARN_64_TO_32_BIT_CONVERSION = YES;
				GCC_WARN_ABOUT_RETURN_TYPE = YES_ERROR;
				GCC_WARN_UNDECLARED_SELECTOR = YES;
				GCC_WARN_UNINITIALIZED_AUTOS = YES_AGGRESSIVE;
				GCC_WARN_UNUSED_FUNCTION = YES;
				GCC_WARN_UNUSED_VARIABLE = YES;
				IPHONEOS_DEPLOYMENT_TARGET = 14.4;
				MTL_ENABLE_DEBUG_INFO = NO;
				MTL_FAST_MATH = YES;
				SDKROOT = iphoneos;
				SWIFT_COMPILATION_MODE = wholemodule;
				SWIFT_OPTIMIZATION_LEVEL = "-O";
				VALIDATE_PRODUCT = YES;
			};
			name = Release;
		};
		BD768EDD26351F8F0022306F /* Debug */ = {
			isa = XCBuildConfiguration;
			buildSettings = {
				ASSETCATALOG_COMPILER_APPICON_NAME = AppIcon;
				ASSETCATALOG_COMPILER_GLOBAL_ACCENT_COLOR_NAME = AccentColor;
				CODE_SIGN_STYLE = Automatic;
				INFOPLIST_FILE = "new sentinal/Info.plist";
				LD_RUNPATH_SEARCH_PATHS = (
					"$(inherited)",
					"@executable_path/Frameworks",
				);
				PRODUCT_BUNDLE_IDENTIFIER = "com.ios.new-sentinal";
				PRODUCT_NAME = "$(TARGET_NAME)";
				SWIFT_VERSION = 5.0;
				TARGETED_DEVICE_FAMILY = "1,2";
			};
			name = Debug;
		};
		BD768EDE26351F8F0022306F /* Release */ = {
			isa = XCBuildConfiguration;
			buildSettings = {
				ASSETCATALOG_COMPILER_APPICON_NAME = AppIcon;
				ASSETCATALOG_COMPILER_GLOBAL_ACCENT_COLOR_NAME = AccentColor;
				CODE_SIGN_STYLE = Automatic;
				INFOPLIST_FILE = "new sentinal/Info.plist";
				LD_RUNPATH_SEARCH_PATHS = (
					"$(inherited)",
					"@executable_path/Frameworks",
				);
				PRODUCT_BUNDLE_IDENTIFIER = "com.ios.new-sentinal";
				PRODUCT_NAME = "$(TARGET_NAME)";
				SWIFT_VERSION = 5.0;
				TARGETED_DEVICE_FAMILY = "1,2";
			};
			name = Release;
		};
/* End XCBuildConfiguration section */

/* Begin XCConfigurationList section */
		BD768EC326351F8A0022306F /* Build configuration list for PBXProject "new sentinal" */ = {
			isa = XCConfigurationList;
			buildConfigurations = (
				BD768EDA26351F8F0022306F /* Debug */,
				BD768EDB26351F8F0022306F /* Release */,
			);
			defaultConfigurationIsVisible = 0;
			defaultConfigurationName = Release;
		};
		BD768EDC26351F8F0022306F /* Build configuration list for PBXNativeTarget "new sentinal" */ = {
			isa = XCConfigurationList;
			buildConfigurations = (
				BD768EDD26351F8F0022306F /* Debug */,
				BD768EDE26351F8F0022306F /* Release */,
			);
			defaultConfigurationIsVisible = 0;
			defaultConfigurationName = Release;
		};
/* End XCConfigurationList section */
	};
	rootObject = BD768EC026351F8A0022306F /* Project object */;
}
